
Microsoft Visual Studio Solution File, Format Version 12.00
# Visual Studio Version 16
VisualStudioVersion = 16.0.31424.327
MinimumVisualStudioVersion = 10.0.40219.1
Project("{FAE04EC0-301F-11D3-BF4B-00C04F79EFBC}") = "odata-client", "odata-client\odata-client.csproj", "{0DB9AED8-B8D9-4224-942D-1A53AF4B4683}"
EndProject
Global
	GlobalSection(SolutionConfigurationPlatforms) = preSolution
		Debug|Any CPU = Debug|Any CPU
		Release|Any CPU = Release|Any CPU
	EndGlobalSection
	GlobalSection(ProjectConfigurationPlatforms) = postSolution
		{0DB9AED8-B8D9-4224-942D-1A53AF4B4683}.Debug|Any CPU.ActiveCfg = Debug|Any CPU
		{0DB9AED8-B8D9-4224-942D-1A53AF4B4683}.Debug|Any CPU.Build.0 = Debug|Any CPU
		{0DB9AED8-B8D9-4224-942D-1A53AF4B4683}.Release|Any CPU.ActiveCfg = Release|Any CPU
		{0DB9AED8-B8D9-4224-942D-1A53AF4B4683}.Release|Any CPU.Build.0 = Release|Any CPU
	EndGlobalSection
	GlobalSection(SolutionProperties) = preSolution
		HideSolutionNode = FALSE
	EndGlobalSection
	GlobalSection(ExtensibilityGlobals) = postSolution
		SolutionGuid = {C3181ECA-3272-4A18-AC0E-D2D377585BBC}
	EndGlobalSection
EndGlobal
